
Microsoft Visual Studio Solution File, Format Version 12.00
# Visual Studio Version 17
VisualStudioVersion = 17.5.33424.131
MinimumVisualStudioVersion = 10.0.40219.1
Project("{FAE04EC0-301F-11D3-BF4B-00C04F79EFBC}") = "ProductLinq", "ProductLinq.csproj", "{AF988448-1CDE-431F-A4FB-134291EE1C9E}"
EndProject
Global
	GlobalSection(SolutionConfigurationPlatforms) = preSolution
		Debug|Any CPU = Debug|Any CPU
		Release|Any CPU = Release|Any CPU
	EndGlobalSection
	GlobalSection(ProjectConfigurationPlatforms) = postSolution
		{AF988448-1CDE-431F-A4FB-134291EE1C9E}.Debug|Any CPU.ActiveCfg = Debug|Any CPU
		{AF988448-1CDE-431F-A4FB-134291EE1C9E}.Debug|Any CPU.Build.0 = Debug|Any CPU
		{AF988448-1CDE-431F-A4FB-134291EE1C9E}.Release|Any CPU.ActiveCfg = Release|Any CPU
		{AF988448-1CDE-431F-A4FB-134291EE1C9E}.Release|Any CPU.Build.0 = Release|Any CPU
	EndGlobalSection
	GlobalSection(SolutionProperties) = preSolution
		HideSolutionNode = FALSE
	EndGlobalSection
	GlobalSection(ExtensibilityGlobals) = postSolution
		SolutionGuid = {AFD8B62C-B698-4F52-BC78-E8390686B286}
	EndGlobalSection
EndGlobal
